{
  "name": "asp.net",
  "version": "1.0.0",
  "lockfileVersion": 1,
  "requires": true,
  "dependencies": {
    "bootstrap-cookie-consent": {
      "version": "0.0.7",
      "resolved": "https://registry.npmjs.org/bootstrap-cookie-consent/-/bootstrap-cookie-consent-0.0.7.tgz",
      "integrity": "sha512-btsHgB8n1hsV0zD4sUoS202HanuQQk54SylD5FCN1csd7NiYJUbbrcZDMdDYX5XQDcvz0fxjgvc0x1B1Pma87A==",
      "dev": true
    }
  }
}
